
Microsoft Visual Studio Solution File, Format Version 12.00
# Visual Studio Version 16
VisualStudioVersion = 16.0.31129.286
MinimumVisualStudioVersion = 10.0.40219.1
Project("{FAE04EC0-301F-11D3-BF4B-00C04F79EFBC}") = "XELiveStreamConsole", "XELiveStreamConsole\XELiveStreamConsole.csproj", "{21712571-2AA9-4522-A9DA-8DD1B3559A8A}"
EndProject
Global
	GlobalSection(SolutionConfigurationPlatforms) = preSolution
		Debug|Any CPU = Debug|Any CPU
		Release|Any CPU = Release|Any CPU
	EndGlobalSection
	GlobalSection(ProjectConfigurationPlatforms) = postSolution
		{21712571-2AA9-4522-A9DA-8DD1B3559A8A}.Debug|Any CPU.ActiveCfg = Debug|Any CPU
		{21712571-2AA9-4522-A9DA-8DD1B3559A8A}.Debug|Any CPU.Build.0 = Debug|Any CPU
		{21712571-2AA9-4522-A9DA-8DD1B3559A8A}.Release|Any CPU.ActiveCfg = Release|Any CPU
		{21712571-2AA9-4522-A9DA-8DD1B3559A8A}.Release|Any CPU.Build.0 = Release|Any CPU
	EndGlobalSection
	GlobalSection(SolutionProperties) = preSolution
		HideSolutionNode = FALSE
	EndGlobalSection
	GlobalSection(ExtensibilityGlobals) = postSolution
		SolutionGuid = {4DA97344-513A-48D7-A892-D09351B86220}
	EndGlobalSection
EndGlobal
